
Microsoft Visual Studio Solution File, Format Version 12.00
# Visual Studio Version 16
VisualStudioVersion = 16.0.30523.141
MinimumVisualStudioVersion = 10.0.40219.1
Project("{8BC9CEB8-8B4A-11D0-8D11-00A0C91BC942}") = "Project9.1.A", "Project9.1.A\Project9.1.A.vcxproj", "{655D5F26-1F3A-4F22-8ACD-28EDBC2D30D6}"
EndProject
Project("{8BC9CEB8-8B4A-11D0-8D11-00A0C91BC942}") = "UnitTest9.1.a", "UnitTest9.1.a\UnitTest9.1.a.vcxproj", "{8367A6BB-967F-4649-811E-31F7540DFE48}"
EndProject
Global
	GlobalSection(SolutionConfigurationPlatforms) = preSolution
		Debug|x64 = Debug|x64
		Debug|x86 = Debug|x86
		Release|x64 = Release|x64
		Release|x86 = Release|x86
	EndGlobalSection
	GlobalSection(ProjectConfigurationPlatforms) = postSolution
		{655D5F26-1F3A-4F22-8ACD-28EDBC2D30D6}.Debug|x64.ActiveCfg = Debug|x64
		{655D5F26-1F3A-4F22-8ACD-28EDBC2D30D6}.Debug|x64.Build.0 = Debug|x64
		{655D5F26-1F3A-4F22-8ACD-28EDBC2D30D6}.Debug|x86.ActiveCfg = Debug|Win32
		{655D5F26-1F3A-4F22-8ACD-28EDBC2D30D6}.Debug|x86.Build.0 = Debug|Win32
		{655D5F26-1F3A-4F22-8ACD-28EDBC2D30D6}.Release|x64.ActiveCfg = Release|x64
		{655D5F26-1F3A-4F22-8ACD-28EDBC2D30D6}.Release|x64.Build.0 = Release|x64
		{655D5F26-1F3A-4F22-8ACD-28EDBC2D30D6}.Release|x86.ActiveCfg = Release|Win32
		{655D5F26-1F3A-4F22-8ACD-28EDBC2D30D6}.Release|x86.Build.0 = Release|Win32
		{8367A6BB-967F-4649-811E-31F7540DFE48}.Debug|x64.ActiveCfg = Debug|x64
		{8367A6BB-967F-4649-811E-31F7540DFE48}.Debug|x64.Build.0 = Debug|x64
		{8367A6BB-967F-4649-811E-31F7540DFE48}.Debug|x86.ActiveCfg = Debug|Win32
		{8367A6BB-967F-4649-811E-31F7540DFE48}.Debug|x86.Build.0 = Debug|Win32
		{8367A6BB-967F-4649-811E-31F7540DFE48}.Release|x64.ActiveCfg = Release|x64
		{8367A6BB-967F-4649-811E-31F7540DFE48}.Release|x64.Build.0 = Release|x64
		{8367A6BB-967F-4649-811E-31F7540DFE48}.Release|x86.ActiveCfg = Release|Win32
		{8367A6BB-967F-4649-811E-31F7540DFE48}.Release|x86.Build.0 = Release|Win32
	EndGlobalSection
	GlobalSection(SolutionProperties) = preSolution
		HideSolutionNode = FALSE
	EndGlobalSection
	GlobalSection(ExtensibilityGlobals) = postSolution
		SolutionGuid = {749F5AAF-9E66-4A60-BCA7-52122D28C808}
	EndGlobalSection
EndGlobal
